
Microsoft Visual Studio Solution File, Format Version 12.00
# Visual Studio Version 17
VisualStudioVersion = 17.2.32602.215
MinimumVisualStudioVersion = 10.0.40219.1
Project("{FAE04EC0-301F-11D3-BF4B-00C04F79EFBC}") = "Memento", "Memento\Memento.csproj", "{83CFDED0-CD7C-45DD-BBAF-8A4FD065E706}"
EndProject
Global
	GlobalSection(SolutionConfigurationPlatforms) = preSolution
		Debug|Any CPU = Debug|Any CPU
		Release|Any CPU = Release|Any CPU
	EndGlobalSection
	GlobalSection(ProjectConfigurationPlatforms) = postSolution
		{83CFDED0-CD7C-45DD-BBAF-8A4FD065E706}.Debug|Any CPU.ActiveCfg = Debug|Any CPU
		{83CFDED0-CD7C-45DD-BBAF-8A4FD065E706}.Debug|Any CPU.Build.0 = Debug|Any CPU
		{83CFDED0-CD7C-45DD-BBAF-8A4FD065E706}.Release|Any CPU.ActiveCfg = Release|Any CPU
		{83CFDED0-CD7C-45DD-BBAF-8A4FD065E706}.Release|Any CPU.Build.0 = Release|Any CPU
	EndGlobalSection
	GlobalSection(SolutionProperties) = preSolution
		HideSolutionNode = FALSE
	EndGlobalSection
	GlobalSection(ExtensibilityGlobals) = postSolution
		SolutionGuid = {F7789511-3387-485A-8606-8E353B72A823}
	EndGlobalSection
EndGlobal
